
Microsoft Visual Studio Solution File, Format Version 12.00
# Visual Studio 15
VisualStudioVersion = 15.0.28307.329
MinimumVisualStudioVersion = 10.0.40219.1
Project("{FAE04EC0-301F-11D3-BF4B-00C04F79EFBC}") = "NeteaseCloudMusic.Services", "NeteaseCloudMusic.Services\NeteaseCloudMusic.Services.csproj", "{BFA50CEE-36CE-4330-9AC1-45A33254D73E}"
EndProject
Project("{FAE04EC0-301F-11D3-BF4B-00C04F79EFBC}") = "NeteaseCloudMusic.Wpf", "NeteaseCloudMusic.Wpf\NeteaseCloudMusic.Wpf.csproj", "{C81E646B-6A56-4897-974C-177BF1178E34}"
EndProject
Project("{FAE04EC0-301F-11D3-BF4B-00C04F79EFBC}") = "NeteaseCloudMusic.Global", "NeteaseCloudMusic.Global\NeteaseCloudMusic.Global.csproj", "{743F86E0-4A7E-4A74-9C0A-2B1620C703DA}"
EndProject
Global
	GlobalSection(SolutionConfigurationPlatforms) = preSolution
		Debug|Any CPU = Debug|Any CPU
		Release|Any CPU = Release|Any CPU
	EndGlobalSection
	GlobalSection(ProjectConfigurationPlatforms) = postSolution
		{BFA50CEE-36CE-4330-9AC1-45A33254D73E}.Debug|Any CPU.ActiveCfg = Debug|Any CPU
		{BFA50CEE-36CE-4330-9AC1-45A33254D73E}.Debug|Any CPU.Build.0 = Debug|Any CPU
		{BFA50CEE-36CE-4330-9AC1-45A33254D73E}.Release|Any CPU.ActiveCfg = Release|Any CPU
		{BFA50CEE-36CE-4330-9AC1-45A33254D73E}.Release|Any CPU.Build.0 = Release|Any CPU
		{C81E646B-6A56-4897-974C-177BF1178E34}.Debug|Any CPU.ActiveCfg = Debug|Any CPU
		{C81E646B-6A56-4897-974C-177BF1178E34}.Debug|Any CPU.Build.0 = Debug|Any CPU
		{C81E646B-6A56-4897-974C-177BF1178E34}.Release|Any CPU.ActiveCfg = Release|Any CPU
		{C81E646B-6A56-4897-974C-177BF1178E34}.Release|Any CPU.Build.0 = Release|Any CPU
		{743F86E0-4A7E-4A74-9C0A-2B1620C703DA}.Debug|Any CPU.ActiveCfg = Debug|Any CPU
		{743F86E0-4A7E-4A74-9C0A-2B1620C703DA}.Debug|Any CPU.Build.0 = Debug|Any CPU
		{743F86E0-4A7E-4A74-9C0A-2B1620C703DA}.Release|Any CPU.ActiveCfg = Release|Any CPU
		{743F86E0-4A7E-4A74-9C0A-2B1620C703DA}.Release|Any CPU.Build.0 = Release|Any CPU
	EndGlobalSection
	GlobalSection(SolutionProperties) = preSolution
		HideSolutionNode = FALSE
	EndGlobalSection
	GlobalSection(ExtensibilityGlobals) = postSolution
		SolutionGuid = {7A99C14C-67A1-4995-A197-67638516DF63}
	EndGlobalSection
EndGlobal
