
Microsoft Visual Studio Solution File, Format Version 12.00
# Visual Studio 15
VisualStudioVersion = 15.0.28307.329
MinimumVisualStudioVersion = 10.0.40219.1
Project("{FAE04EC0-301F-11D3-BF4B-00C04F79EFBC}") = "NeteaseCloudMusic.Services", "NeteaseCloudMusic.Services\NeteaseCloudMusic.Services.csproj", "{BFA50CEE-36CE-4330-9AC1-45A33254D73E}"
EndProject
Project("{FAE04EC0-301F-11D3-BF4B-00C04F79EFBC}") = "NeteaseCloudMusic.Wpf", "NeteaseCloudMusic.Wpf\NeteaseCloudMusic.Wpf.csproj", "{C81E646B-6A56-4897-974C-177BF1178E34}"
EndProject
Project("{FAE04EC0-301F-11D3-BF4B-00C04F79EFBC}") = "NeteaseCloudMusic.Global", "NeteaseCloudMusic.Global\NeteaseCloudMusic.Global.csproj", "{743F86E0-4A7E-4A74-9C0A-2B1620C703DA}"
EndProject
Project("{FAE04EC0-301F-11D3-BF4B-00C04F79EFBC}") = "NeteaseCloudMusic.Controls", "NeteaseCloudMusic.Controls\NeteaseCloudMusic.Controls.csproj", "{5F991C63-5F0D-4432-8CEE-1130A696F4C5}"
EndProject
Project("{2150E333-8FDC-42A3-9474-1A3956D46DE8}") = "ScreenShot", "ScreenShot", "{3B896EEE-0DEC-4E0E-A605-12E79C4BC394}"
	ProjectSection(SolutionItems) = preProject
		..\..\ScreenShot\MV播放.png = ..\..\ScreenShot\MV播放.png
		..\..\ScreenShot\个人主页.png = ..\..\ScreenShot\个人主页.png
		..\..\ScreenShot\个性推荐.png = ..\..\ScreenShot\个性推荐.png
		..\..\ScreenShot\初始屏幕.png = ..\..\ScreenShot\初始屏幕.png
		..\..\ScreenShot\搜索.png = ..\..\ScreenShot\搜索.png
		..\..\ScreenShot\搜索结果.png = ..\..\ScreenShot\搜索结果.png
		..\..\ScreenShot\播放详情页面.png = ..\..\ScreenShot\播放详情页面.png
		..\..\ScreenShot\新歌速递.png = ..\..\ScreenShot\新歌速递.png
		..\..\ScreenShot\歌单.png = ..\..\ScreenShot\歌单.png
		..\..\ScreenShot\歌单中搜索.png = ..\..\ScreenShot\歌单中搜索.png
		..\..\ScreenShot\歌手.png = ..\..\ScreenShot\歌手.png
		..\..\ScreenShot\歌手详情.png = ..\..\ScreenShot\歌手详情.png
		..\..\ScreenShot\项目.png = ..\..\ScreenShot\项目.png
	EndProjectSection
EndProject
Global
	GlobalSection(SolutionConfigurationPlatforms) = preSolution
		Debug|Any CPU = Debug|Any CPU
		Release|Any CPU = Release|Any CPU
	EndGlobalSection
	GlobalSection(ProjectConfigurationPlatforms) = postSolution
		{BFA50CEE-36CE-4330-9AC1-45A33254D73E}.Debug|Any CPU.ActiveCfg = Debug|Any CPU
		{BFA50CEE-36CE-4330-9AC1-45A33254D73E}.Debug|Any CPU.Build.0 = Debug|Any CPU
		{BFA50CEE-36CE-4330-9AC1-45A33254D73E}.Release|Any CPU.ActiveCfg = Release|Any CPU
		{BFA50CEE-36CE-4330-9AC1-45A33254D73E}.Release|Any CPU.Build.0 = Release|Any CPU
		{C81E646B-6A56-4897-974C-177BF1178E34}.Debug|Any CPU.ActiveCfg = Debug|Any CPU
		{C81E646B-6A56-4897-974C-177BF1178E34}.Debug|Any CPU.Build.0 = Debug|Any CPU
		{C81E646B-6A56-4897-974C-177BF1178E34}.Release|Any CPU.ActiveCfg = Release|Any CPU
		{C81E646B-6A56-4897-974C-177BF1178E34}.Release|Any CPU.Build.0 = Release|Any CPU
		{743F86E0-4A7E-4A74-9C0A-2B1620C703DA}.Debug|Any CPU.ActiveCfg = Debug|Any CPU
		{743F86E0-4A7E-4A74-9C0A-2B1620C703DA}.Debug|Any CPU.Build.0 = Debug|Any CPU
		{743F86E0-4A7E-4A74-9C0A-2B1620C703DA}.Release|Any CPU.ActiveCfg = Release|Any CPU
		{743F86E0-4A7E-4A74-9C0A-2B1620C703DA}.Release|Any CPU.Build.0 = Release|Any CPU
		{5F991C63-5F0D-4432-8CEE-1130A696F4C5}.Debug|Any CPU.ActiveCfg = Debug|Any CPU
		{5F991C63-5F0D-4432-8CEE-1130A696F4C5}.Debug|Any CPU.Build.0 = Debug|Any CPU
		{5F991C63-5F0D-4432-8CEE-1130A696F4C5}.Release|Any CPU.ActiveCfg = Release|Any CPU
		{5F991C63-5F0D-4432-8CEE-1130A696F4C5}.Release|Any CPU.Build.0 = Release|Any CPU
	EndGlobalSection
	GlobalSection(SolutionProperties) = preSolution
		HideSolutionNode = FALSE
	EndGlobalSection
	GlobalSection(ExtensibilityGlobals) = postSolution
		SolutionGuid = {7A99C14C-67A1-4995-A197-67638516DF63}
	EndGlobalSection
EndGlobal
